
Microsoft Visual Studio Solution File, Format Version 12.00
# Visual Studio Version 17
VisualStudioVersion = 17.1.32210.238
MinimumVisualStudioVersion = 10.0.40219.1
Project("{FAE04EC0-301F-11D3-BF4B-00C04F79EFBC}") = "nanonis_sxm_thumbnail_ext", "nanonis_sxm_thumbnail_ext.csproj", "{BBF2335E-1671-4726-A7BC-9561E89802C7}"
EndProject
Global
	GlobalSection(SolutionConfigurationPlatforms) = preSolution
		Debug|Any CPU = Debug|Any CPU
		Release|Any CPU = Release|Any CPU
	EndGlobalSection
	GlobalSection(ProjectConfigurationPlatforms) = postSolution
		{BBF2335E-1671-4726-A7BC-9561E89802C7}.Debug|Any CPU.ActiveCfg = Debug|Any CPU
		{BBF2335E-1671-4726-A7BC-9561E89802C7}.Debug|Any CPU.Build.0 = Debug|Any CPU
		{BBF2335E-1671-4726-A7BC-9561E89802C7}.Release|Any CPU.ActiveCfg = Release|Any CPU
		{BBF2335E-1671-4726-A7BC-9561E89802C7}.Release|Any CPU.Build.0 = Release|Any CPU
	EndGlobalSection
	GlobalSection(SolutionProperties) = preSolution
		HideSolutionNode = FALSE
	EndGlobalSection
	GlobalSection(ExtensibilityGlobals) = postSolution
		SolutionGuid = {DF464F78-30CD-4F4F-81A0-18789516DE68}
	EndGlobalSection
EndGlobal
